
Microsoft Visual Studio Solution File, Format Version 12.00
# Visual Studio Version 17
VisualStudioVersion = 17.10.35201.131
MinimumVisualStudioVersion = 10.0.40219.1
Project("{9A19103F-16F7-4668-BE54-9A1E7A4F7556}") = "CognitoIntegrationApi", "CognitoIntegrationApi\CognitoIntegrationApi.csproj", "{7214AB60-1363-4FE7-AE1F-43764FA6F09F}"
EndProject
Project("{FAE04EC0-301F-11D3-BF4B-00C04F79EFBC}") = "ServicesLayer", "ServicesLayer\ServicesLayer.csproj", "{CCE8A682-3694-454C-A0DD-B5BDDBAF1851}"
EndProject
Global
	GlobalSection(SolutionConfigurationPlatforms) = preSolution
		Debug|Any CPU = Debug|Any CPU
		Release|Any CPU = Release|Any CPU
	EndGlobalSection
	GlobalSection(ProjectConfigurationPlatforms) = postSolution
		{7214AB60-1363-4FE7-AE1F-43764FA6F09F}.Debug|Any CPU.ActiveCfg = Debug|Any CPU
		{7214AB60-1363-4FE7-AE1F-43764FA6F09F}.Debug|Any CPU.Build.0 = Debug|Any CPU
		{7214AB60-1363-4FE7-AE1F-43764FA6F09F}.Release|Any CPU.ActiveCfg = Release|Any CPU
		{7214AB60-1363-4FE7-AE1F-43764FA6F09F}.Release|Any CPU.Build.0 = Release|Any CPU
		{CCE8A682-3694-454C-A0DD-B5BDDBAF1851}.Debug|Any CPU.ActiveCfg = Debug|Any CPU
		{CCE8A682-3694-454C-A0DD-B5BDDBAF1851}.Debug|Any CPU.Build.0 = Debug|Any CPU
		{CCE8A682-3694-454C-A0DD-B5BDDBAF1851}.Release|Any CPU.ActiveCfg = Release|Any CPU
		{CCE8A682-3694-454C-A0DD-B5BDDBAF1851}.Release|Any CPU.Build.0 = Release|Any CPU
	EndGlobalSection
	GlobalSection(SolutionProperties) = preSolution
		HideSolutionNode = FALSE
	EndGlobalSection
	GlobalSection(ExtensibilityGlobals) = postSolution
		SolutionGuid = {026AD444-00B9-4241-B83C-6BF48FA7B0D6}
	EndGlobalSection
EndGlobal
